// !$*UTF8*$!
{
	archiveVersion = 1;
	classes = {
	};
	objectVersion = 46;
	objects = {

/* Begin PBXBuildFile section */
		A81B5AD31E89045800D6A0FD /* HistoryViewController.m in Sources */ = {isa = PBXBuildFile; fileRef = A81B5AD21E89045800D6A0FD /* HistoryViewController.m */; };
		A861F5E71E6A847D004F2788 /* main.m in Sources */ = {isa = PBXBuildFile; fileRef = A861F5E61E6A847D004F2788 /* main.m */; };
		A861F5EA1E6A847D004F2788 /* AppDelegate.m in Sources */ = {isa = PBXBuildFile; fileRef = A861F5E91E6A847D004F2788 /* AppDelegate.m */; };
		A861F5ED1E6A847D004F2788 /* ViewController.m in Sources */ = {isa = PBXBuildFile; fileRef = A861F5EC1E6A847D004F2788 /* ViewController.m */; };
		A861F5F01E6A847D004F2788 /* Main.storyboard in Resources */ = {isa = PBXBuildFile; fileRef = A861F5EE1E6A847D004F2788 /* Main.storyboard */; };
		A861F5F21E6A847D004F2788 /* Assets.xcassets in Resources */ = {isa = PBXBuildFile; fileRef = A861F5F11E6A847D004F2788 /* Assets.xcassets */; };
		A861F5F51E6A847D004F2788 /* LaunchScreen.storyboard in Resources */ = {isa = PBXBuildFile; fileRef = A861F5F31E6A847D004F2788 /* LaunchScreen.storyboard */; };
		A861F6001E6A847D004F2788 /* NSURLConnection_demoTests.m in Sources */ = {isa = PBXBuildFile; fileRef = A861F5FF1E6A847D004F2788 /* NSURLConnection_demoTests.m */; };
		A861F60B1E6A847D004F2788 /* NSURLConnection_demoUITests.m in Sources */ = {isa = PBXBuildFile; fileRef = A861F60A1E6A847D004F2788 /* NSURLConnection_demoUITests.m */; };
		A861F6281E6AB85C004F2788 /* TableFootViewController.m in Sources */ = {isa = PBXBuildFile; fileRef = A861F6271E6AB85C004F2788 /* TableFootViewController.m */; };
		A88977E01E83EC7E00408449 /* SiteMethodMapper.m in Sources */ = {isa = PBXBuildFile; fileRef = A88977DF1E83EC7E00408449 /* SiteMethodMapper.m */; };
		A88977E31E83EEF700408449 /* BooruNetwork.m in Sources */ = {isa = PBXBuildFile; fileRef = A88977E21E83EEF700408449 /* BooruNetwork.m */; };
		A88977E61E83EF5900408449 /* BooruView.m in Sources */ = {isa = PBXBuildFile; fileRef = A88977E51E83EF5900408449 /* BooruView.m */; };
		A89BD3401E781B720032A966 /* SettingViewController.m in Sources */ = {isa = PBXBuildFile; fileRef = A89BD33F1E781B720032A966 /* SettingViewController.m */; };
		A89BD34A1E78CEF70032A966 /* GDataXMLNode.m in Sources */ = {isa = PBXBuildFile; fileRef = A89BD3491E78CEF70032A966 /* GDataXMLNode.m */; };
		A89C81771E76400F003A1E37 /* FilterViewController.m in Sources */ = {isa = PBXBuildFile; fileRef = A89C81761E76400F003A1E37 /* FilterViewController.m */; };
		A89C817A1E767F52003A1E37 /* TagsEditViewController.m in Sources */ = {isa = PBXBuildFile; fileRef = A89C81791E767F52003A1E37 /* TagsEditViewController.m */; };
		A89E81031E6D73E000682D76 /* WaterFlowViewController.m in Sources */ = {isa = PBXBuildFile; fileRef = A89E81021E6D73E000682D76 /* WaterFlowViewController.m */; };
		A89E81061E6D75D100682D76 /* BGCollectionViewCell.m in Sources */ = {isa = PBXBuildFile; fileRef = A89E81051E6D75D100682D76 /* BGCollectionViewCell.m */; };
		A89E81091E6D96BD00682D76 /* SearchResultTableViewController.m in Sources */ = {isa = PBXBuildFile; fileRef = A89E81081E6D96BD00682D76 /* SearchResultTableViewController.m */; };
		A89E810C1E6DC45400682D76 /* TagsView.m in Sources */ = {isa = PBXBuildFile; fileRef = A89E810B1E6DC45400682D76 /* TagsView.m */; };
		AADFAFA01F1535114D7595B4 /* libPods-NSURLConnection_demo.a in Frameworks */ = {isa = PBXBuildFile; fileRef = B809D3EC87BDC86C0C7FABC1 /* libPods-NSURLConnection_demo.a */; };
/* End PBXBuildFile section */

/* Begin PBXContainerItemProxy section */
		A861F5FC1E6A847D004F2788 /* PBXContainerItemProxy */ = {
			isa = PBXContainerItemProxy;
			containerPortal = A861F5DA1E6A847D004F2788 /* Project object */;
			proxyType = 1;
			remoteGlobalIDString = A861F5E11E6A847D004F2788;
			remoteInfo = NSURLConnection_demo;
		};
		A861F6071E6A847D004F2788 /* PBXContainerItemProxy */ = {
			isa = PBXContainerItemProxy;
			containerPortal = A861F5DA1E6A847D004F2788 /* Project object */;
			proxyType = 1;
			remoteGlobalIDString = A861F5E11E6A847D004F2788;
			remoteInfo = NSURLConnection_demo;
		};
/* End PBXContainerItemProxy section */

/* Begin PBXFileReference section */
		470D269DFBB6B3EEA208DF1C /* Pods-NSURLConnection_demo.debug.xcconfig */ = {isa = PBXFileReference; includeInIndex = 1; lastKnownFileType = text.xcconfig; name = "Pods-NSURLConnection_demo.debug.xcconfig"; path = "Pods/Target Support Files/Pods-NSURLConnection_demo/Pods-NSURLConnection_demo.debug.xcconfig"; sourceTree = "<group>"; };
		A2CA151AFFCE94E8BF13DAD4 /* Pods-NSURLConnection_demo.release.xcconfig */ = {isa = PBXFileReference; includeInIndex = 1; lastKnownFileType = text.xcconfig; name = "Pods-NSURLConnection_demo.release.xcconfig"; path = "Pods/Target Support Files/Pods-NSURLConnection_demo/Pods-NSURLConnection_demo.release.xcconfig"; sourceTree = "<group>"; };
		A81B5AD11E89045800D6A0FD /* HistoryViewController.h */ = {isa = PBXFileReference; fileEncoding = 4; lastKnownFileType = sourcecode.c.h; path = HistoryViewController.h; sourceTree = "<group>"; };
		A81B5AD21E89045800D6A0FD /* HistoryViewController.m */ = {isa = PBXFileReference; fileEncoding = 4; lastKnownFileType = sourcecode.c.objc; path = HistoryViewController.m; sourceTree = "<group>"; };
		A861F5E21E6A847D004F2788 /* NSURLConnection_demo.app */ = {isa = PBXFileReference; explicitFileType = wrapper.application; includeInIndex = 0; path = NSURLConnection_demo.app; sourceTree = BUILT_PRODUCTS_DIR; };
		A861F5E61E6A847D004F2788 /* main.m */ = {isa = PBXFileReference; lastKnownFileType = sourcecode.c.objc; path = main.m; sourceTree = "<group>"; };
		A861F5E81E6A847D004F2788 /* AppDelegate.h */ = {isa = PBXFileReference; lastKnownFileType = sourcecode.c.h; path = AppDelegate.h; sourceTree = "<group>"; };
		A861F5E91E6A847D004F2788 /* AppDelegate.m */ = {isa = PBXFileReference; lastKnownFileType = sourcecode.c.objc; path = AppDelegate.m; sourceTree = "<group>"; };
		A861F5EB1E6A847D004F2788 /* ViewController.h */ = {isa = PBXFileReference; lastKnownFileType = sourcecode.c.h; path = ViewController.h; sourceTree = "<group>"; };
		A861F5EC1E6A847D004F2788 /* ViewController.m */ = {isa = PBXFileReference; lastKnownFileType = sourcecode.c.objc; path = ViewController.m; sourceTree = "<group>"; };
		A861F5EF1E6A847D004F2788 /* Base */ = {isa = PBXFileReference; lastKnownFileType = file.storyboard; name = Base; path = Base.lproj/Main.storyboard; sourceTree = "<group>"; };
		A861F5F11E6A847D004F2788 /* Assets.xcassets */ = {isa = PBXFileReference; lastKnownFileType = folder.assetcatalog; path = Assets.xcassets; sourceTree = "<group>"; };
		A861F5F41E6A847D004F2788 /* Base */ = {isa = PBXFileReference; lastKnownFileType = file.storyboard; name = Base; path = Base.lproj/LaunchScreen.storyboard; sourceTree = "<group>"; };
		A861F5F61E6A847D004F2788 /* Info.plist */ = {isa = PBXFileReference; lastKnownFileType = text.plist.xml; path = Info.plist; sourceTree = "<group>"; };
		A861F5FB1E6A847D004F2788 /* NSURLConnection_demoTests.xctest */ = {isa = PBXFileReference; explicitFileType = wrapper.cfbundle; includeInIndex = 0; path = NSURLConnection_demoTests.xctest; sourceTree = BUILT_PRODUCTS_DIR; };
		A861F5FF1E6A847D004F2788 /* NSURLConnection_demoTests.m */ = {isa = PBXFileReference; lastKnownFileType = sourcecode.c.objc; path = NSURLConnection_demoTests.m; sourceTree = "<group>"; };
		A861F6011E6A847D004F2788 /* Info.plist */ = {isa = PBXFileReference; lastKnownFileType = text.plist.xml; path = Info.plist; sourceTree = "<group>"; };
		A861F6061E6A847D004F2788 /* NSURLConnection_demoUITests.xctest */ = {isa = PBXFileReference; explicitFileType = wrapper.cfbundle; includeInIndex = 0; path = NSURLConnection_demoUITests.xctest; sourceTree = BUILT_PRODUCTS_DIR; };
		A861F60A1E6A847D004F2788 /* NSURLConnection_demoUITests.m */ = {isa = PBXFileReference; lastKnownFileType = sourcecode.c.objc; path = NSURLConnection_demoUITests.m; sourceTree = "<group>"; };
		A861F60C1E6A847D004F2788 /* Info.plist */ = {isa = PBXFileReference; lastKnownFileType = text.plist.xml; path = Info.plist; sourceTree = "<group>"; };
		A861F6261E6AB85C004F2788 /* TableFootViewController.h */ = {isa = PBXFileReference; fileEncoding = 4; lastKnownFileType = sourcecode.c.h; path = TableFootViewController.h; sourceTree = "<group>"; };
		A861F6271E6AB85C004F2788 /* TableFootViewController.m */ = {isa = PBXFileReference; fileEncoding = 4; lastKnownFileType = sourcecode.c.objc; path = TableFootViewController.m; sourceTree = "<group>"; };
		A88977DE1E83EC7E00408449 /* SiteMethodMapper.h */ = {isa = PBXFileReference; fileEncoding = 4; lastKnownFileType = sourcecode.c.h; path = SiteMethodMapper.h; sourceTree = "<group>"; };
		A88977DF1E83EC7E00408449 /* SiteMethodMapper.m */ = {isa = PBXFileReference; fileEncoding = 4; lastKnownFileType = sourcecode.c.objc; path = SiteMethodMapper.m; sourceTree = "<group>"; };
		A88977E11E83EEF700408449 /* BooruNetwork.h */ = {isa = PBXFileReference; fileEncoding = 4; lastKnownFileType = sourcecode.c.h; path = BooruNetwork.h; sourceTree = "<group>"; };
		A88977E21E83EEF700408449 /* BooruNetwork.m */ = {isa = PBXFileReference; fileEncoding = 4; lastKnownFileType = sourcecode.c.objc; path = BooruNetwork.m; sourceTree = "<group>"; };
		A88977E41E83EF5900408449 /* BooruView.h */ = {isa = PBXFileReference; fileEncoding = 4; lastKnownFileType = sourcecode.c.h; path = BooruView.h; sourceTree = "<group>"; };
		A88977E51E83EF5900408449 /* BooruView.m */ = {isa = PBXFileReference; fileEncoding = 4; lastKnownFileType = sourcecode.c.objc; path = BooruView.m; sourceTree = "<group>"; };
		A89BD33E1E781B720032A966 /* SettingViewController.h */ = {isa = PBXFileReference; fileEncoding = 4; lastKnownFileType = sourcecode.c.h; path = SettingViewController.h; sourceTree = "<group>"; };
		A89BD33F1E781B720032A966 /* SettingViewController.m */ = {isa = PBXFileReference; fileEncoding = 4; lastKnownFileType = sourcecode.c.objc; path = SettingViewController.m; sourceTree = "<group>"; };
		A89BD3481E78CEF70032A966 /* GDataXMLNode.h */ = {isa = PBXFileReference; fileEncoding = 4; lastKnownFileType = sourcecode.c.h; path = GDataXMLNode.h; sourceTree = "<group>"; };
		A89BD3491E78CEF70032A966 /* GDataXMLNode.m */ = {isa = PBXFileReference; fileEncoding = 4; lastKnownFileType = sourcecode.c.objc; path = GDataXMLNode.m; sourceTree = "<group>"; };
		A89C81751E76400F003A1E37 /* FilterViewController.h */ = {isa = PBXFileReference; fileEncoding = 4; lastKnownFileType = sourcecode.c.h; path = FilterViewController.h; sourceTree = "<group>"; };
		A89C81761E76400F003A1E37 /* FilterViewController.m */ = {isa = PBXFileReference; fileEncoding = 4; lastKnownFileType = sourcecode.c.objc; path = FilterViewController.m; sourceTree = "<group>"; };
		A89C81781E767F52003A1E37 /* TagsEditViewController.h */ = {isa = PBXFileReference; fileEncoding = 4; lastKnownFileType = sourcecode.c.h; path = TagsEditViewController.h; sourceTree = "<group>"; };
		A89C81791E767F52003A1E37 /* TagsEditViewController.m */ = {isa = PBXFileReference; fileEncoding = 4; lastKnownFileType = sourcecode.c.objc; path = TagsEditViewController.m; sourceTree = "<group>"; };
		A89E81011E6D73E000682D76 /* WaterFlowViewController.h */ = {isa = PBXFileReference; fileEncoding = 4; lastKnownFileType = sourcecode.c.h; path = WaterFlowViewController.h; sourceTree = "<group>"; };
		A89E81021E6D73E000682D76 /* WaterFlowViewController.m */ = {isa = PBXFileReference; fileEncoding = 4; lastKnownFileType = sourcecode.c.objc; path = WaterFlowViewController.m; sourceTree = "<group>"; };
		A89E81041E6D75D100682D76 /* BGCollectionViewCell.h */ = {isa = PBXFileReference; fileEncoding = 4; lastKnownFileType = sourcecode.c.h; path = BGCollectionViewCell.h; sourceTree = "<group>"; };
		A89E81051E6D75D100682D76 /* BGCollectionViewCell.m */ = {isa = PBXFileReference; fileEncoding = 4; lastKnownFileType = sourcecode.c.objc; path = BGCollectionViewCell.m; sourceTree = "<group>"; };
		A89E81071E6D96BD00682D76 /* SearchResultTableViewController.h */ = {isa = PBXFileReference; fileEncoding = 4; lastKnownFileType = sourcecode.c.h; path = SearchResultTableViewController.h; sourceTree = "<group>"; };
		A89E81081E6D96BD00682D76 /* SearchResultTableViewController.m */ = {isa = PBXFileReference; fileEncoding = 4; lastKnownFileType = sourcecode.c.objc; path = SearchResultTableViewController.m; sourceTree = "<group>"; };
		A89E810A1E6DC45400682D76 /* TagsView.h */ = {isa = PBXFileReference; fileEncoding = 4; lastKnownFileType = sourcecode.c.h; path = TagsView.h; sourceTree = "<group>"; };
		A89E810B1E6DC45400682D76 /* TagsView.m */ = {isa = PBXFileReference; fileEncoding = 4; lastKnownFileType = sourcecode.c.objc; path = TagsView.m; sourceTree = "<group>"; };
		B809D3EC87BDC86C0C7FABC1 /* libPods-NSURLConnection_demo.a */ = {isa = PBXFileReference; explicitFileType = archive.ar; includeInIndex = 0; path = "libPods-NSURLConnection_demo.a"; sourceTree = BUILT_PRODUCTS_DIR; };
/* End PBXFileReference section */

/* Begin PBXFrameworksBuildPhase section */
		A861F5DF1E6A847D004F2788 /* Frameworks */ = {
			isa = PBXFrameworksBuildPhase;
			buildActionMask = 2147483647;
			files = (
				AADFAFA01F1535114D7595B4 /* libPods-NSURLConnection_demo.a in Frameworks */,
			);
			runOnlyForDeploymentPostprocessing = 0;
		};
		A861F5F81E6A847D004F2788 /* Frameworks */ = {
			isa = PBXFrameworksBuildPhase;
			buildActionMask = 2147483647;
			files = (
			);
			runOnlyForDeploymentPostprocessing = 0;
		};
		A861F6031E6A847D004F2788 /* Frameworks */ = {
			isa = PBXFrameworksBuildPhase;
			buildActionMask = 2147483647;
			files = (
			);
			runOnlyForDeploymentPostprocessing = 0;
		};
/* End PBXFrameworksBuildPhase section */

/* Begin PBXGroup section */
		7679E277B13A453AF55815B4 /* Pods */ = {
			isa = PBXGroup;
			children = (
				470D269DFBB6B3EEA208DF1C /* Pods-NSURLConnection_demo.debug.xcconfig */,
				A2CA151AFFCE94E8BF13DAD4 /* Pods-NSURLConnection_demo.release.xcconfig */,
			);
			name = Pods;
			sourceTree = "<group>";
		};
		A861F5D91E6A847D004F2788 = {
			isa = PBXGroup;
			children = (
				A861F5E41E6A847D004F2788 /* NSURLConnection_demo */,
				A861F5FE1E6A847D004F2788 /* NSURLConnection_demoTests */,
				A861F6091E6A847D004F2788 /* NSURLConnection_demoUITests */,
				A861F5E31E6A847D004F2788 /* Products */,
				7679E277B13A453AF55815B4 /* Pods */,
				BDEFBBF3B2CE9F6F4B1959C0 /* Frameworks */,
			);
			sourceTree = "<group>";
		};
		A861F5E31E6A847D004F2788 /* Products */ = {
			isa = PBXGroup;
			children = (
				A861F5E21E6A847D004F2788 /* NSURLConnection_demo.app */,
				A861F5FB1E6A847D004F2788 /* NSURLConnection_demoTests.xctest */,
				A861F6061E6A847D004F2788 /* NSURLConnection_demoUITests.xctest */,
			);
			name = Products;
			sourceTree = "<group>";
		};
		A861F5E41E6A847D004F2788 /* NSURLConnection_demo */ = {
			isa = PBXGroup;
			children = (
				A89BD3471E78CEC20032A966 /* Addons */,
				A861F6251E6AA502004F2788 /* Controller */,
				A861F6211E6A939F004F2788 /* View */,
				A861F6181E6A8A74004F2788 /* NetWork */,
				A861F5EE1E6A847D004F2788 /* Main.storyboard */,
				A861F5F11E6A847D004F2788 /* Assets.xcassets */,
				A861F5F31E6A847D004F2788 /* LaunchScreen.storyboard */,
				A861F5F61E6A847D004F2788 /* Info.plist */,
				A861F5E51E6A847D004F2788 /* Supporting Files */,
				A88977DE1E83EC7E00408449 /* SiteMethodMapper.h */,
				A88977DF1E83EC7E00408449 /* SiteMethodMapper.m */,
			);
			path = NSURLConnection_demo;
			sourceTree = "<group>";
		};
		A861F5E51E6A847D004F2788 /* Supporting Files */ = {
			isa = PBXGroup;
			children = (
				A861F5E81E6A847D004F2788 /* AppDelegate.h */,
				A861F5E91E6A847D004F2788 /* AppDelegate.m */,
				A861F5E61E6A847D004F2788 /* main.m */,
			);
			name = "Supporting Files";
			sourceTree = "<group>";
		};
		A861F5FE1E6A847D004F2788 /* NSURLConnection_demoTests */ = {
			isa = PBXGroup;
			children = (
				A861F5FF1E6A847D004F2788 /* NSURLConnection_demoTests.m */,
				A861F6011E6A847D004F2788 /* Info.plist */,
			);
			path = NSURLConnection_demoTests;
			sourceTree = "<group>";
		};
		A861F6091E6A847D004F2788 /* NSURLConnection_demoUITests */ = {
			isa = PBXGroup;
			children = (
				A861F60A1E6A847D004F2788 /* NSURLConnection_demoUITests.m */,
				A861F60C1E6A847D004F2788 /* Info.plist */,
			);
			path = NSURLConnection_demoUITests;
			sourceTree = "<group>";
		};
		A861F6181E6A8A74004F2788 /* NetWork */ = {
			isa = PBXGroup;
			children = (
				A88977E11E83EEF700408449 /* BooruNetwork.h */,
				A88977E21E83EEF700408449 /* BooruNetwork.m */,
			);
			name = NetWork;
			sourceTree = "<group>";
		};
		A861F6211E6A939F004F2788 /* View */ = {
			isa = PBXGroup;
			children = (
				A89E810A1E6DC45400682D76 /* TagsView.h */,
				A89E810B1E6DC45400682D76 /* TagsView.m */,
				A88977E41E83EF5900408449 /* BooruView.h */,
				A88977E51E83EF5900408449 /* BooruView.m */,
			);
			name = View;
			sourceTree = "<group>";
		};
		A861F6251E6AA502004F2788 /* Controller */ = {
			isa = PBXGroup;
			children = (
				A861F5EB1E6A847D004F2788 /* ViewController.h */,
				A861F5EC1E6A847D004F2788 /* ViewController.m */,
				A861F6261E6AB85C004F2788 /* TableFootViewController.h */,
				A861F6271E6AB85C004F2788 /* TableFootViewController.m */,
				A89E81011E6D73E000682D76 /* WaterFlowViewController.h */,
				A89E81021E6D73E000682D76 /* WaterFlowViewController.m */,
				A89E81041E6D75D100682D76 /* BGCollectionViewCell.h */,
				A89E81051E6D75D100682D76 /* BGCollectionViewCell.m */,
				A89E81071E6D96BD00682D76 /* SearchResultTableViewController.h */,
				A89E81081E6D96BD00682D76 /* SearchResultTableViewController.m */,
				A89C81751E76400F003A1E37 /* FilterViewController.h */,
				A89C81761E76400F003A1E37 /* FilterViewController.m */,
				A89C81781E767F52003A1E37 /* TagsEditViewController.h */,
				A89C81791E767F52003A1E37 /* TagsEditViewController.m */,
				A89BD33E1E781B720032A966 /* SettingViewController.h */,
				A89BD33F1E781B720032A966 /* SettingViewController.m */,
				A81B5AD11E89045800D6A0FD /* HistoryViewController.h */,
				A81B5AD21E89045800D6A0FD /* HistoryViewController.m */,
			);
			name = Controller;
			sourceTree = "<group>";
		};
		A89BD3471E78CEC20032A966 /* Addons */ = {
			isa = PBXGroup;
			children = (
				A89BD3481E78CEF70032A966 /* GDataXMLNode.h */,
				A89BD3491E78CEF70032A966 /* GDataXMLNode.m */,
			);
			name = Addons;
			sourceTree = "<group>";
		};
		BDEFBBF3B2CE9F6F4B1959C0 /* Frameworks */ = {
			isa = PBXGroup;
			children = (
				B809D3EC87BDC86C0C7FABC1 /* libPods-NSURLConnection_demo.a */,
			);
			name = Frameworks;
			sourceTree = "<group>";
		};
/* End PBXGroup section */

/* Begin PBXNativeTarget section */
		A861F5E11E6A847D004F2788 /* NSURLConnection_demo */ = {
			isa = PBXNativeTarget;
			buildConfigurationList = A861F60F1E6A847D004F2788 /* Build configuration list for PBXNativeTarget "NSURLConnection_demo" */;
			buildPhases = (
				AFAEABCB7E7EF02A9DEE6BB3 /* [CP] Check Pods Manifest.lock */,
				A861F5DE1E6A847D004F2788 /* Sources */,
				A861F5DF1E6A847D004F2788 /* Frameworks */,
				A861F5E01E6A847D004F2788 /* Resources */,
				5B61C635D9A763A9DC816905 /* [CP] Embed Pods Frameworks */,
				691C629120F8262FD5529376 /* [CP] Copy Pods Resources */,
			);
			buildRules = (
			);
			dependencies = (
			);
			name = NSURLConnection_demo;
			productName = NSURLConnection_demo;
			productReference = A861F5E21E6A847D004F2788 /* NSURLConnection_demo.app */;
			productType = "com.apple.product-type.application";
		};
		A861F5FA1E6A847D004F2788 /* NSURLConnection_demoTests */ = {
			isa = PBXNativeTarget;
			buildConfigurationList = A861F6121E6A847D004F2788 /* Build configuration list for PBXNativeTarget "NSURLConnection_demoTests" */;
			buildPhases = (
				A861F5F71E6A847D004F2788 /* Sources */,
				A861F5F81E6A847D004F2788 /* Frameworks */,
				A861F5F91E6A847D004F2788 /* Resources */,
			);
			buildRules = (
			);
			dependencies = (
				A861F5FD1E6A847D004F2788 /* PBXTargetDependency */,
			);
			name = NSURLConnection_demoTests;
			productName = NSURLConnection_demoTests;
			productReference = A861F5FB1E6A847D004F2788 /* NSURLConnection_demoTests.xctest */;
			productType = "com.apple.product-type.bundle.unit-test";
		};
		A861F6051E6A847D004F2788 /* NSURLConnection_demoUITests */ = {
			isa = PBXNativeTarget;
			buildConfigurationList = A861F6151E6A847D004F2788 /* Build configuration list for PBXNativeTarget "NSURLConnection_demoUITests" */;
			buildPhases = (
				A861F6021E6A847D004F2788 /* Sources */,
				A861F6031E6A847D004F2788 /* Frameworks */,
				A861F6041E6A847D004F2788 /* Resources */,
			);
			buildRules = (
			);
			dependencies = (
				A861F6081E6A847D004F2788 /* PBXTargetDependency */,
			);
			name = NSURLConnection_demoUITests;
			productName = NSURLConnection_demoUITests;
			productReference = A861F6061E6A847D004F2788 /* NSURLConnection_demoUITests.xctest */;
			productType = "com.apple.product-type.bundle.ui-testing";
		};
/* End PBXNativeTarget section */

/* Begin PBXProject section */
		A861F5DA1E6A847D004F2788 /* Project object */ = {
			isa = PBXProject;
			attributes = {
				LastUpgradeCheck = 0820;
				ORGANIZATIONNAME = Wujiao;
				TargetAttributes = {
					A861F5E11E6A847D004F2788 = {
						CreatedOnToolsVersion = 8.2.1;
						DevelopmentTeam = 57RS7ZD62R;
						ProvisioningStyle = Automatic;
					};
					A861F5FA1E6A847D004F2788 = {
						CreatedOnToolsVersion = 8.2.1;
						DevelopmentTeam = 57RS7ZD62R;
						ProvisioningStyle = Automatic;
						TestTargetID = A861F5E11E6A847D004F2788;
					};
					A861F6051E6A847D004F2788 = {
						CreatedOnToolsVersion = 8.2.1;
						DevelopmentTeam = 57RS7ZD62R;
						ProvisioningStyle = Automatic;
						TestTargetID = A861F5E11E6A847D004F2788;
					};
				};
			};
			buildConfigurationList = A861F5DD1E6A847D004F2788 /* Build configuration list for PBXProject "NSURLConnection_demo" */;
			compatibilityVersion = "Xcode 3.2";
			developmentRegion = English;
			hasScannedForEncodings = 0;
			knownRegions = (
				en,
				Base,
			);
			mainGroup = A861F5D91E6A847D004F2788;
			productRefGroup = A861F5E31E6A847D004F2788 /* Products */;
			projectDirPath = "";
			projectRoot = "";
			targets = (
				A861F5E11E6A847D004F2788 /* NSURLConnection_demo */,
				A861F5FA1E6A847D004F2788 /* NSURLConnection_demoTests */,
				A861F6051E6A847D004F2788 /* NSURLConnection_demoUITests */,
			);
		};
/* End PBXProject section */

/* Begin PBXResourcesBuildPhase section */
		A861F5E01E6A847D004F2788 /* Resources */ = {
			isa = PBXResourcesBuildPhase;
			buildActionMask = 2147483647;
			files = (
				A861F5F51E6A847D004F2788 /* LaunchScreen.storyboard in Resources */,
				A861F5F21E6A847D004F2788 /* Assets.xcassets in Resources */,
				A861F5F01E6A847D004F2788 /* Main.storyboard in Resources */,
			);
			runOnlyForDeploymentPostprocessing = 0;
		};
		A861F5F91E6A847D004F2788 /* Resources */ = {
			isa = PBXResourcesBuildPhase;
			buildActionMask = 2147483647;
			files = (
			);
			runOnlyForDeploymentPostprocessing = 0;
		};
		A861F6041E6A847D004F2788 /* Resources */ = {
			isa = PBXResourcesBuildPhase;
			buildActionMask = 2147483647;
			files = (
			);
			runOnlyForDeploymentPostprocessing = 0;
		};
/* End PBXResourcesBuildPhase section */

/* Begin PBXShellScriptBuildPhase section */
		5B61C635D9A763A9DC816905 /* [CP] Embed Pods Frameworks */ = {
			isa = PBXShellScriptBuildPhase;
			buildActionMask = 2147483647;
			files = (
			);
			inputPaths = (
			);
			name = "[CP] Embed Pods Frameworks";
			outputPaths = (
			);
			runOnlyForDeploymentPostprocessing = 0;
			shellPath = /bin/sh;
			shellScript = "\"${SRCROOT}/Pods/Target Support Files/Pods-NSURLConnection_demo/Pods-NSURLConnection_demo-frameworks.sh\"\n";
			showEnvVarsInLog = 0;
		};
		691C629120F8262FD5529376 /* [CP] Copy Pods Resources */ = {
			isa = PBXShellScriptBuildPhase;
			buildActionMask = 2147483647;
			files = (
			);
			inputPaths = (
			);
			name = "[CP] Copy Pods Resources";
			outputPaths = (
			);
			runOnlyForDeploymentPostprocessing = 0;
			shellPath = /bin/sh;
			shellScript = "\"${SRCROOT}/Pods/Target Support Files/Pods-NSURLConnection_demo/Pods-NSURLConnection_demo-resources.sh\"\n";
			showEnvVarsInLog = 0;
		};
		AFAEABCB7E7EF02A9DEE6BB3 /* [CP] Check Pods Manifest.lock */ = {
			isa = PBXShellScriptBuildPhase;
			buildActionMask = 2147483647;
			files = (
			);
			inputPaths = (
			);
			name = "[CP] Check Pods Manifest.lock";
			outputPaths = (
			);
			runOnlyForDeploymentPostprocessing = 0;
			shellPath = /bin/sh;
			shellScript = "diff \"${PODS_ROOT}/../Podfile.lock\" \"${PODS_ROOT}/Manifest.lock\" > /dev/null\nif [ $? != 0 ] ; then\n    # print error to STDERR\n    echo \"error: The sandbox is not in sync with the Podfile.lock. Run 'pod install' or update your CocoaPods installation.\" >&2\n    exit 1\nfi\n";
			showEnvVarsInLog = 0;
		};
/* End PBXShellScriptBuildPhase section */

/* Begin PBXSourcesBuildPhase section */
		A861F5DE1E6A847D004F2788 /* Sources */ = {
			isa = PBXSourcesBuildPhase;
			buildActionMask = 2147483647;
			files = (
				A89E81091E6D96BD00682D76 /* SearchResultTableViewController.m in Sources */,
				A89BD34A1E78CEF70032A966 /* GDataXMLNode.m in Sources */,
				A861F5ED1E6A847D004F2788 /* ViewController.m in Sources */,
				A81B5AD31E89045800D6A0FD /* HistoryViewController.m in Sources */,
				A89BD3401E781B720032A966 /* SettingViewController.m in Sources */,
				A861F6281E6AB85C004F2788 /* TableFootViewController.m in Sources */,
				A89C817A1E767F52003A1E37 /* TagsEditViewController.m in Sources */,
				A89C81771E76400F003A1E37 /* FilterViewController.m in Sources */,
				A88977E01E83EC7E00408449 /* SiteMethodMapper.m in Sources */,
				A89E810C1E6DC45400682D76 /* TagsView.m in Sources */,
				A89E81061E6D75D100682D76 /* BGCollectionViewCell.m in Sources */,
				A861F5EA1E6A847D004F2788 /* AppDelegate.m in Sources */,
				A89E81031E6D73E000682D76 /* WaterFlowViewController.m in Sources */,
				A88977E31E83EEF700408449 /* BooruNetwork.m in Sources */,
				A861F5E71E6A847D004F2788 /* main.m in Sources */,
				A88977E61E83EF5900408449 /* BooruView.m in Sources */,
			);
			runOnlyForDeploymentPostprocessing = 0;
		};
		A861F5F71E6A847D004F2788 /* Sources */ = {
			isa = PBXSourcesBuildPhase;
			buildActionMask = 2147483647;
			files = (
				A861F6001E6A847D004F2788 /* NSURLConnection_demoTests.m in Sources */,
			);
			runOnlyForDeploymentPostprocessing = 0;
		};
		A861F6021E6A847D004F2788 /* Sources */ = {
			isa = PBXSourcesBuildPhase;
			buildActionMask = 2147483647;
			files = (
				A861F60B1E6A847D004F2788 /* NSURLConnection_demoUITests.m in Sources */,
			);
			runOnlyForDeploymentPostprocessing = 0;
		};
/* End PBXSourcesBuildPhase section */

/* Begin PBXTargetDependency section */
		A861F5FD1E6A847D004F2788 /* PBXTargetDependency */ = {
			isa = PBXTargetDependency;
			target = A861F5E11E6A847D004F2788 /* NSURLConnection_demo */;
			targetProxy = A861F5FC1E6A847D004F2788 /* PBXContainerItemProxy */;
		};
		A861F6081E6A847D004F2788 /* PBXTargetDependency */ = {
			isa = PBXTargetDependency;
			target = A861F5E11E6A847D004F2788 /* NSURLConnection_demo */;
			targetProxy = A861F6071E6A847D004F2788 /* PBXContainerItemProxy */;
		};
/* End PBXTargetDependency section */

/* Begin PBXVariantGroup section */
		A861F5EE1E6A847D004F2788 /* Main.storyboard */ = {
			isa = PBXVariantGroup;
			children = (
				A861F5EF1E6A847D004F2788 /* Base */,
			);
			name = Main.storyboard;
			sourceTree = "<group>";
		};
		A861F5F31E6A847D004F2788 /* LaunchScreen.storyboard */ = {
			isa = PBXVariantGroup;
			children = (
				A861F5F41E6A847D004F2788 /* Base */,
			);
			name = LaunchScreen.storyboard;
			sourceTree = "<group>";
		};
/* End PBXVariantGroup section */

/* Begin XCBuildConfiguration section */
		A861F60D1E6A847D004F2788 /* Debug */ = {
			isa = XCBuildConfiguration;
			buildSettings = {
				ALWAYS_SEARCH_USER_PATHS = NO;
				CLANG_ANALYZER_NONNULL = YES;
				CLANG_CXX_LANGUAGE_STANDARD = "gnu++0x";
				CLANG_CXX_LIBRARY = "libc++";
				CLANG_ENABLE_MODULES = YES;
				CLANG_ENABLE_OBJC_ARC = YES;
				CLANG_WARN_BOOL_CONVERSION = YES;
				CLANG_WARN_CONSTANT_CONVERSION = YES;
				CLANG_WARN_DIRECT_OBJC_ISA_USAGE = YES_ERROR;
				CLANG_WARN_DOCUMENTATION_COMMENTS = YES;
				CLANG_WARN_EMPTY_BODY = YES;
				CLANG_WARN_ENUM_CONVERSION = YES;
				CLANG_WARN_INFINITE_RECURSION = YES;
				CLANG_WARN_INT_CONVERSION = YES;
				CLANG_WARN_OBJC_ROOT_CLASS = YES_ERROR;
				CLANG_WARN_SUSPICIOUS_MOVE = YES;
				CLANG_WARN_UNREACHABLE_CODE = YES;
				CLANG_WARN__DUPLICATE_METHOD_MATCH = YES;
				"CODE_SIGN_IDENTITY[sdk=iphoneos*]" = "iPhone Developer";
				COPY_PHASE_STRIP = NO;
				DEBUG_INFORMATION_FORMAT = dwarf;
				ENABLE_STRICT_OBJC_MSGSEND = YES;
				ENABLE_TESTABILITY = YES;
				GCC_C_LANGUAGE_STANDARD = gnu99;
				GCC_DYNAMIC_NO_PIC = NO;
				GCC_NO_COMMON_BLOCKS = YES;
				GCC_OPTIMIZATION_LEVEL = 0;
				GCC_PREPROCESSOR_DEFINITIONS = (
					"DEBUG=1",
					"$(inherited)",
				);
				GCC_WARN_64_TO_32_BIT_CONVERSION = YES;
				GCC_WARN_ABOUT_RETURN_TYPE = YES_ERROR;
				GCC_WARN_UNDECLARED_SELECTOR = YES;
				GCC_WARN_UNINITIALIZED_AUTOS = YES_AGGRESSIVE;
				GCC_WARN_UNUSED_FUNCTION = YES;
				GCC_WARN_UNUSED_VARIABLE = YES;
				IPHONEOS_DEPLOYMENT_TARGET = 10.2;
				MTL_ENABLE_DEBUG_INFO = YES;
				ONLY_ACTIVE_ARCH = YES;
				SDKROOT = iphoneos;
			};
			name = Debug;
		};
		A861F60E1E6A847D004F2788 /* Release */ = {
			isa = XCBuildConfiguration;
			buildSettings = {
				ALWAYS_SEARCH_USER_PATHS = NO;
				CLANG_ANALYZER_NONNULL = YES;
				CLANG_CXX_LANGUAGE_STANDARD = "gnu++0x";
				CLANG_CXX_LIBRARY = "libc++";
				CLANG_ENABLE_MODULES = YES;
				CLANG_ENABLE_OBJC_ARC = YES;
				CLANG_WARN_BOOL_CONVERSION = YES;
				CLANG_WARN_CONSTANT_CONVERSION = YES;
				CLANG_WARN_DIRECT_OBJC_ISA_USAGE = YES_ERROR;
				CLANG_WARN_DOCUMENTATION_COMMENTS = YES;
				CLANG_WARN_EMPTY_BODY = YES;
				CLANG_WARN_ENUM_CONVERSION = YES;
				CLANG_WARN_INFINITE_RECURSION = YES;
				CLANG_WARN_INT_CONVERSION = YES;
				CLANG_WARN_OBJC_ROOT_CLASS = YES_ERROR;
				CLANG_WARN_SUSPICIOUS_MOVE = YES;
				CLANG_WARN_UNREACHABLE_CODE = YES;
				CLANG_WARN__DUPLICATE_METHOD_MATCH = YES;
				"CODE_SIGN_IDENTITY[sdk=iphoneos*]" = "iPhone Developer";
				COPY_PHASE_STRIP = NO;
				DEBUG_INFORMATION_FORMAT = "dwarf-with-dsym";
				ENABLE_NS_ASSERTIONS = NO;
				ENABLE_STRICT_OBJC_MSGSEND = YES;
				GCC_C_LANGUAGE_STANDARD = gnu99;
				GCC_NO_COMMON_BLOCKS = YES;
				GCC_WARN_64_TO_32_BIT_CONVERSION = YES;
				GCC_WARN_ABOUT_RETURN_TYPE = YES_ERROR;
				GCC_WARN_UNDECLARED_SELECTOR = YES;
				GCC_WARN_UNINITIALIZED_AUTOS = YES_AGGRESSIVE;
				GCC_WARN_UNUSED_FUNCTION = YES;
				GCC_WARN_UNUSED_VARIABLE = YES;
				IPHONEOS_DEPLOYMENT_TARGET = 10.2;
				MTL_ENABLE_DEBUG_INFO = NO;
				SDKROOT = iphoneos;
				VALIDATE_PRODUCT = YES;
			};
			name = Release;
		};
		A861F6101E6A847D004F2788 /* Debug */ = {
			isa = XCBuildConfiguration;
			baseConfigurationReference = 470D269DFBB6B3EEA208DF1C /* Pods-NSURLConnection_demo.debug.xcconfig */;
			buildSettings = {
				ASSETCATALOG_COMPILER_APPICON_NAME = AppIcon;
				DEVELOPMENT_TEAM = 57RS7ZD62R;
				HEADER_SEARCH_PATHS = (
					"$(inherited)",
					"\"${PODS_ROOT}/Headers/Public\"",
					"\"${PODS_ROOT}/Headers/Public/BGUIFoundationKit\"",
					"\"${PODS_ROOT}/Headers/Public/BGWaterFlowView\"",
					"\"${PODS_ROOT}/Headers/Public/HUPhotoBrowser\"",
					"\"${PODS_ROOT}/Headers/Public/MBProgressHUD\"",
					"\"${PODS_ROOT}/Headers/Public/SDWebImage\"",
					/usr/include/libxml2,
				);
				INFOPLIST_FILE = NSURLConnection_demo/Info.plist;
				IPHONEOS_DEPLOYMENT_TARGET = 9.2;
				LD_RUNPATH_SEARCH_PATHS = "$(inherited) @executable_path/Frameworks";
				OTHER_LDFLAGS = (
					"$(inherited)",
					"-ObjC",
					"-l\"BGUIFoundationKit\"",
					"-l\"BGWaterFlowView\"",
					"-l\"HUPhotoBrowser\"",
					"-l\"MBProgressHUD\"",
					"-l\"SDWebImage\"",
					"-framework",
					"\"AssetsLibrary\"",
					"-framework",
					"\"CoreGraphics\"",
					"-framework",
					"\"ImageIO\"",
					"-framework",
					"\"Photos\"",
					"-framework",
					"\"QuartzCore\"",
					"-framework",
					"\"UIKit\"",
					"-lxml2",
				);
				PRODUCT_BUNDLE_IDENTIFIER = "com.zju.wujiao.NSURLConnection-demo";
				PRODUCT_NAME = "$(TARGET_NAME)";
			};
			name = Debug;
		};
		A861F6111E6A847D004F2788 /* Release */ = {
			isa = XCBuildConfiguration;
			baseConfigurationReference = A2CA151AFFCE94E8BF13DAD4 /* Pods-NSURLConnection_demo.release.xcconfig */;
			buildSettings = {
				ASSETCATALOG_COMPILER_APPICON_NAME = AppIcon;
				DEVELOPMENT_TEAM = 57RS7ZD62R;
				HEADER_SEARCH_PATHS = (
					"$(inherited)",
					"\"${PODS_ROOT}/Headers/Public\"",
					"\"${PODS_ROOT}/Headers/Public/BGUIFoundationKit\"",
					"\"${PODS_ROOT}/Headers/Public/BGWaterFlowView\"",
					"\"${PODS_ROOT}/Headers/Public/HUPhotoBrowser\"",
					"\"${PODS_ROOT}/Headers/Public/MBProgressHUD\"",
					"\"${PODS_ROOT}/Headers/Public/SDWebImage\"",
					/usr/include/libxml2,
				);
				INFOPLIST_FILE = NSURLConnection_demo/Info.plist;
				IPHONEOS_DEPLOYMENT_TARGET = 9.2;
				LD_RUNPATH_SEARCH_PATHS = "$(inherited) @executable_path/Frameworks";
				OTHER_LDFLAGS = (
					"$(inherited)",
					"-ObjC",
					"-l\"BGUIFoundationKit\"",
					"-l\"BGWaterFlowView\"",
					"-l\"HUPhotoBrowser\"",
					"-l\"MBProgressHUD\"",
					"-l\"SDWebImage\"",
					"-framework",
					"\"AssetsLibrary\"",
					"-framework",
					"\"CoreGraphics\"",
					"-framework",
					"\"ImageIO\"",
					"-framework",
					"\"Photos\"",
					"-framework",
					"\"QuartzCore\"",
					"-framework",
					"\"UIKit\"",
					"-lxml2",
				);
				PRODUCT_BUNDLE_IDENTIFIER = "com.zju.wujiao.NSURLConnection-demo";
				PRODUCT_NAME = "$(TARGET_NAME)";
			};
			name = Release;
		};
		A861F6131E6A847D004F2788 /* Debug */ = {
			isa = XCBuildConfiguration;
			buildSettings = {
				BUNDLE_LOADER = "$(TEST_HOST)";
				DEVELOPMENT_TEAM = 57RS7ZD62R;
				INFOPLIST_FILE = NSURLConnection_demoTests/Info.plist;
				LD_RUNPATH_SEARCH_PATHS = "$(inherited) @executable_path/Frameworks @loader_path/Frameworks";
				PRODUCT_BUNDLE_IDENTIFIER = "com.zju.wujiao.NSURLConnection-demoTests";
				PRODUCT_NAME = "$(TARGET_NAME)";
				TEST_HOST = "$(BUILT_PRODUCTS_DIR)/NSURLConnection_demo.app/NSURLConnection_demo";
			};
			name = Debug;
		};
		A861F6141E6A847D004F2788 /* Release */ = {
			isa = XCBuildConfiguration;
			buildSettings = {
				BUNDLE_LOADER = "$(TEST_HOST)";
				DEVELOPMENT_TEAM = 57RS7ZD62R;
				INFOPLIST_FILE = NSURLConnection_demoTests/Info.plist;
				LD_RUNPATH_SEARCH_PATHS = "$(inherited) @executable_path/Frameworks @loader_path/Frameworks";
				PRODUCT_BUNDLE_IDENTIFIER = "com.zju.wujiao.NSURLConnection-demoTests";
				PRODUCT_NAME = "$(TARGET_NAME)";
				TEST_HOST = "$(BUILT_PRODUCTS_DIR)/NSURLConnection_demo.app/NSURLConnection_demo";
			};
			name = Release;
		};
		A861F6161E6A847D004F2788 /* Debug */ = {
			isa = XCBuildConfiguration;
			buildSettings = {
				DEVELOPMENT_TEAM = 57RS7ZD62R;
				INFOPLIST_FILE = NSURLConnection_demoUITests/Info.plist;
				LD_RUNPATH_SEARCH_PATHS = "$(inherited) @executable_path/Frameworks @loader_path/Frameworks";
				PRODUCT_BUNDLE_IDENTIFIER = "com.zju.wujiao.NSURLConnection-demoUITests";
				PRODUCT_NAME = "$(TARGET_NAME)";
				TEST_TARGET_NAME = NSURLConnection_demo;
			};
			name = Debug;
		};
		A861F6171E6A847D004F2788 /* Release */ = {
			isa = XCBuildConfiguration;
			buildSettings = {
				DEVELOPMENT_TEAM = 57RS7ZD62R;
				INFOPLIST_FILE = NSURLConnection_demoUITests/Info.plist;
				LD_RUNPATH_SEARCH_PATHS = "$(inherited) @executable_path/Frameworks @loader_path/Frameworks";
				PRODUCT_BUNDLE_IDENTIFIER = "com.zju.wujiao.NSURLConnection-demoUITests";
				PRODUCT_NAME = "$(TARGET_NAME)";
				TEST_TARGET_NAME = NSURLConnection_demo;
			};
			name = Release;
		};
/* End XCBuildConfiguration section */

/* Begin XCConfigurationList section */
		A861F5DD1E6A847D004F2788 /* Build configuration list for PBXProject "NSURLConnection_demo" */ = {
			isa = XCConfigurationList;
			buildConfigurations = (
				A861F60D1E6A847D004F2788 /* Debug */,
				A861F60E1E6A847D004F2788 /* Release */,
			);
			defaultConfigurationIsVisible = 0;
			defaultConfigurationName = Release;
		};
		A861F60F1E6A847D004F2788 /* Build configuration list for PBXNativeTarget "NSURLConnection_demo" */ = {
			isa = XCConfigurationList;
			buildConfigurations = (
				A861F6101E6A847D004F2788 /* Debug */,
				A861F6111E6A847D004F2788 /* Release */,
			);
			defaultConfigurationIsVisible = 0;
			defaultConfigurationName = Release;
		};
		A861F6121E6A847D004F2788 /* Build configuration list for PBXNativeTarget "NSURLConnection_demoTests" */ = {
			isa = XCConfigurationList;
			buildConfigurations = (
				A861F6131E6A847D004F2788 /* Debug */,
				A861F6141E6A847D004F2788 /* Release */,
			);
			defaultConfigurationIsVisible = 0;
			defaultConfigurationName = Release;
		};
		A861F6151E6A847D004F2788 /* Build configuration list for PBXNativeTarget "NSURLConnection_demoUITests" */ = {
			isa = XCConfigurationList;
			buildConfigurations = (
				A861F6161E6A847D004F2788 /* Debug */,
				A861F6171E6A847D004F2788 /* Release */,
			);
			defaultConfigurationIsVisible = 0;
			defaultConfigurationName = Release;
		};
/* End XCConfigurationList section */
	};
	rootObject = A861F5DA1E6A847D004F2788 /* Project object */;
}
